Microsoft Visual Studio Solution File, Format Version 9.00
# Visual Studio 2005
Project("{F184B08F-C81C-45F6-A57F-5ABD9991F28F}") = "Security_AllowLinkUnlink.Module", "Security_AllowLinkUnlink.Module\Security_AllowLinkUnlink.Module.vbproj", "{78773A3B-15CB-4D78-B66A-7A4F176C4F73}"
	ProjectSection(WebsiteProperties) = preProject
		Debug.AspNetCompiler.Debug = "True"
		Release.AspNetCompiler.Debug = "False"
	EndProjectSection
EndProject
Project("{F184B08F-C81C-45F6-A57F-5ABD9991F28F}") = "Security_AllowLinkUnlink.Module.Web", "Security_AllowLinkUnlink.Module.Web\Security_AllowLinkUnlink.Module.Web.vbproj", "{110BEE05-7990-421E-A3FC-E44EED764CA1}"
	ProjectSection(WebsiteProperties) = preProject
		Debug.AspNetCompiler.Debug = "True"
		Release.AspNetCompiler.Debug = "False"
	EndProjectSection
EndProject
Project("{F184B08F-C81C-45F6-A57F-5ABD9991F28F}") = "Security_AllowLinkUnlink.Web", "Security_AllowLinkUnlink.Web\Security_AllowLinkUnlink.Web.vbproj", "{9B286FAD-D071-44D8-AB2E-4BAA7F807B8D}"
	ProjectSection(WebsiteProperties) = preProject
		Debug.AspNetCompiler.Debug = "True"
		Release.AspNetCompiler.Debug = "False"
	EndProjectSection
EndProject
Project("{F184B08F-C81C-45F6-A57F-5ABD9991F28F}") = "Security_AllowLinkUnlink.Module.Win", "Security_AllowLinkUnlink.Module.Win\Security_AllowLinkUnlink.Module.Win.vbproj", "{19C2E753-6682-4229-A48F-C462CD9EC756}"
	ProjectSection(WebsiteProperties) = preProject
		Debug.AspNetCompiler.Debug = "True"
		Release.AspNetCompiler.Debug = "False"
	EndProjectSection
EndProject
Project("{F184B08F-C81C-45F6-A57F-5ABD9991F28F}") = "Security_AllowLinkUnlink.Win", "Security_AllowLinkUnlink.Win\Security_AllowLinkUnlink.Win.vbproj", "{40DD8290-E3A8-4E9C-B06E-7F4042839B93}"
	ProjectSection(WebsiteProperties) = preProject
		Debug.AspNetCompiler.Debug = "True"
		Release.AspNetCompiler.Debug = "False"
	EndProjectSection
EndProject
Global
	GlobalSection(SolutionConfigurationPlatforms) = preSolution
		Debug|Any CPU = Debug|Any CPU
		EasyTest|Any CPU = EasyTest|Any CPU
		Release|Any CPU = Release|Any CPU
	EndGlobalSection
	GlobalSection(ProjectConfigurationPlatforms) = postSolution
		{78773A3B-15CB-4D78-B66A-7A4F176C4F73}.Debug|Any CPU.ActiveCfg = Debug|Any CPU
		{78773A3B-15CB-4D78-B66A-7A4F176C4F73}.Debug|Any CPU.Build.0 = Debug|Any CPU
		{78773A3B-15CB-4D78-B66A-7A4F176C4F73}.EasyTest|Any CPU.ActiveCfg = EasyTest|Any CPU
		{78773A3B-15CB-4D78-B66A-7A4F176C4F73}.EasyTest|Any CPU.Build.0 = EasyTest|Any CPU
		{78773A3B-15CB-4D78-B66A-7A4F176C4F73}.Release|Any CPU.ActiveCfg = Release|Any CPU
		{78773A3B-15CB-4D78-B66A-7A4F176C4F73}.Release|Any CPU.Build.0 = Release|Any CPU
		{110BEE05-7990-421E-A3FC-E44EED764CA1}.Debug|Any CPU.ActiveCfg = Debug|Any CPU
		{110BEE05-7990-421E-A3FC-E44EED764CA1}.Debug|Any CPU.Build.0 = Debug|Any CPU
		{110BEE05-7990-421E-A3FC-E44EED764CA1}.EasyTest|Any CPU.ActiveCfg = EasyTest|Any CPU
		{110BEE05-7990-421E-A3FC-E44EED764CA1}.EasyTest|Any CPU.Build.0 = EasyTest|Any CPU
		{110BEE05-7990-421E-A3FC-E44EED764CA1}.Release|Any CPU.ActiveCfg = Release|Any CPU
		{110BEE05-7990-421E-A3FC-E44EED764CA1}.Release|Any CPU.Build.0 = Release|Any CPU
		{9B286FAD-D071-44D8-AB2E-4BAA7F807B8D}.Debug|Any CPU.ActiveCfg = Debug|Any CPU
		{9B286FAD-D071-44D8-AB2E-4BAA7F807B8D}.Debug|Any CPU.Build.0 = Debug|Any CPU
		{9B286FAD-D071-44D8-AB2E-4BAA7F807B8D}.EasyTest|Any CPU.ActiveCfg = EasyTest|Any CPU
		{9B286FAD-D071-44D8-AB2E-4BAA7F807B8D}.EasyTest|Any CPU.Build.0 = EasyTest|Any CPU
		{9B286FAD-D071-44D8-AB2E-4BAA7F807B8D}.Release|Any CPU.ActiveCfg = Release|Any CPU
		{9B286FAD-D071-44D8-AB2E-4BAA7F807B8D}.Release|Any CPU.Build.0 = Release|Any CPU
		{19C2E753-6682-4229-A48F-C462CD9EC756}.Debug|Any CPU.ActiveCfg = Debug|Any CPU
		{19C2E753-6682-4229-A48F-C462CD9EC756}.Debug|Any CPU.Build.0 = Debug|Any CPU
		{19C2E753-6682-4229-A48F-C462CD9EC756}.EasyTest|Any CPU.ActiveCfg = EasyTest|Any CPU
		{19C2E753-6682-4229-A48F-C462CD9EC756}.EasyTest|Any CPU.Build.0 = EasyTest|Any CPU
		{19C2E753-6682-4229-A48F-C462CD9EC756}.Release|Any CPU.ActiveCfg = Release|Any CPU
		{19C2E753-6682-4229-A48F-C462CD9EC756}.Release|Any CPU.Build.0 = Release|Any CPU
		{40DD8290-E3A8-4E9C-B06E-7F4042839B93}.Debug|Any CPU.ActiveCfg = Debug|Any CPU
		{40DD8290-E3A8-4E9C-B06E-7F4042839B93}.Debug|Any CPU.Build.0 = Debug|Any CPU
		{40DD8290-E3A8-4E9C-B06E-7F4042839B93}.EasyTest|Any CPU.ActiveCfg = EasyTest|Any CPU
		{40DD8290-E3A8-4E9C-B06E-7F4042839B93}.EasyTest|Any CPU.Build.0 = EasyTest|Any CPU
		{40DD8290-E3A8-4E9C-B06E-7F4042839B93}.Release|Any CPU.ActiveCfg = Release|Any CPU
		{40DD8290-E3A8-4E9C-B06E-7F4042839B93}.Release|Any CPU.Build.0 = Release|Any CPU
	EndGlobalSection
	GlobalSection(SolutionProperties) = preSolution
		HideSolutionNode = FALSE
	EndGlobalSection
EndGlobal
